// !$*UTF8*$!
{
	archiveVersion = 1;
	classes = {
	};
	objectVersion = 46;
	objects = {

/* Begin PBXBuildFile section */
		3F8CCFE31C1E4B4400478AB9 /* AppDelegate.swift in Sources */ = {isa = PBXBuildFile; fileRef = 3F8CCFE21C1E4B4400478AB9 /* AppDelegate.swift */; };
		3F8CCFE51C1E4B4400478AB9 /* ViewController.swift in Sources */ = {isa = PBXBuildFile; fileRef = 3F8CCFE41C1E4B4400478AB9 /* ViewController.swift */; };
		3F8CCFE81C1E4B4400478AB9 /* Main.storyboard in Resources */ = {isa = PBXBuildFile; fileRef = 3F8CCFE61C1E4B4400478AB9 /* Main.storyboard */; };
		3F8CCFEA1C1E4B4400478AB9 /* Assets.xcassets in Resources */ = {isa = PBXBuildFile; fileRef = 3F8CCFE91C1E4B4400478AB9 /* Assets.xcassets */; };
		3F8CCFED1C1E4B4400478AB9 /* LaunchScreen.storyboard in Resources */ = {isa = PBXBuildFile; fileRef = 3F8CCFEB1C1E4B4400478AB9 /* LaunchScreen.storyboard */; };
		3F8CCFF81C1E4B4400478AB9 /* tipsTests.swift in Sources */ = {isa = PBXBuildFile; fileRef = 3F8CCFF71C1E4B4400478AB9 /* tipsTests.swift */; };
		3F8CD0031C1E4B4500478AB9 /* tipsUITests.swift in Sources */ = {isa = PBXBuildFile; fileRef = 3F8CD0021C1E4B4500478AB9 /* tipsUITests.swift */; };
/* End PBXBuildFile section */

/* Begin PBXContainerItemProxy section */
		3F8CCFF41C1E4B4400478AB9 /* PBXContainerItemProxy */ = {
			isa = PBXContainerItemProxy;
			containerPortal = 3F8CCFD71C1E4B4400478AB9 /* Project object */;
			proxyType = 1;
			remoteGlobalIDString = 3F8CCFDE1C1E4B4400478AB9;
			remoteInfo = tips;
		};
		3F8CCFFF1C1E4B4500478AB9 /* PBXContainerItemProxy */ = {
			isa = PBXContainerItemProxy;
			containerPortal = 3F8CCFD71C1E4B4400478AB9 /* Project object */;
			proxyType = 1;
			remoteGlobalIDString = 3F8CCFDE1C1E4B4400478AB9;
			remoteInfo = tips;
		};
/* End PBXContainerItemProxy section */

/* Begin PBXFileReference section */
		3F8CCFDF1C1E4B4400478AB9 /* tips.app */ = {isa = PBXFileReference; explicitFileType = wrapper.application; includeInIndex = 0; path = tips.app; sourceTree = BUILT_PRODUCTS_DIR; };
		3F8CCFE21C1E4B4400478AB9 /* AppDelegate.swift */ = {isa = PBXFileReference; lastKnownFileType = sourcecode.swift; path = AppDelegate.swift; sourceTree = "<group>"; };
		3F8CCFE41C1E4B4400478AB9 /* ViewController.swift */ = {isa = PBXFileReference; lastKnownFileType = sourcecode.swift; path = ViewController.swift; sourceTree = "<group>"; };
		3F8CCFE71C1E4B4400478AB9 /* Base */ = {isa = PBXFileReference; lastKnownFileType = file.storyboard; name = Base; path = Base.lproj/Main.storyboard; sourceTree = "<group>"; };
		3F8CCFE91C1E4B4400478AB9 /* Assets.xcassets */ = {isa = PBXFileReference; lastKnownFileType = folder.assetcatalog; path = Assets.xcassets; sourceTree = "<group>"; };
		3F8CCFEC1C1E4B4400478AB9 /* Base */ = {isa = PBXFileReference; lastKnownFileType = file.storyboard; name = Base; path = Base.lproj/LaunchScreen.storyboard; sourceTree = "<group>"; };
		3F8CCFEE1C1E4B4400478AB9 /* Info.plist */ = {isa = PBXFileReference; lastKnownFileType = text.plist.xml; path = Info.plist; sourceTree = "<group>"; };
		3F8CCFF31C1E4B4400478AB9 /* tipsTests.xctest */ = {isa = PBXFileReference; explicitFileType = wrapper.cfbundle; includeInIndex = 0; path = tipsTests.xctest; sourceTree = BUILT_PRODUCTS_DIR; };
		3F8CCFF71C1E4B4400478AB9 /* tipsTests.swift */ = {isa = PBXFileReference; lastKnownFileType = sourcecode.swift; path = tipsTests.swift; sourceTree = "<group>"; };
		3F8CCFF91C1E4B4500478AB9 /* Info.plist */ = {isa = PBXFileReference; lastKnownFileType = text.plist.xml; path = Info.plist; sourceTree = "<group>"; };
		3F8CCFFE1C1E4B4500478AB9 /* tipsUITests.xctest */ = {isa = PBXFileReference; explicitFileType = wrapper.cfbundle; includeInIndex = 0; path = tipsUITests.xctest; sourceTree = BUILT_PRODUCTS_DIR; };
		3F8CD0021C1E4B4500478AB9 /* tipsUITests.swift */ = {isa = PBXFileReference; lastKnownFileType = sourcecode.swift; path = tipsUITests.swift; sourceTree = "<group>"; };
		3F8CD0041C1E4B4500478AB9 /* Info.plist */ = {isa = PBXFileReference; lastKnownFileType = text.plist.xml; path = Info.plist; sourceTree = "<group>"; };
/* End PBXFileReference section */

/* Begin PBXFrameworksBuildPhase section */
		3F8CCFDC1C1E4B4400478AB9 /* Frameworks */ = {
			isa = PBXFrameworksBuildPhase;
			buildActionMask = 2147483647;
			files = (
			);
			runOnlyForDeploymentPostprocessing = 0;
		};
		3F8CCFF01C1E4B4400478AB9 /* Frameworks */ = {
			isa = PBXFrameworksBuildPhase;
			buildActionMask = 2147483647;
			files = (
			);
			runOnlyForDeploymentPostprocessing = 0;
		};
		3F8CCFFB1C1E4B4500478AB9 /* Frameworks */ = {
			isa = PBXFrameworksBuildPhase;
			buildActionMask = 2147483647;
			files = (
			);
			runOnlyForDeploymentPostprocessing = 0;
		};
/* End PBXFrameworksBuildPhase section */

/* Begin PBXGroup section */
		3F8CCFD61C1E4B4400478AB9 = {
			isa = PBXGroup;
			children = (
				3F8CCFE11C1E4B4400478AB9 /* tips */,
				3F8CCFF61C1E4B4400478AB9 /* tipsTests */,
				3F8CD0011C1E4B4500478AB9 /* tipsUITests */,
				3F8CCFE01C1E4B4400478AB9 /* Products */,
			);
			sourceTree = "<group>";
		};
		3F8CCFE01C1E4B4400478AB9 /* Products */ = {
			isa = PBXGroup;
			children = (
				3F8CCFDF1C1E4B4400478AB9 /* tips.app */,
				3F8CCFF31C1E4B4400478AB9 /* tipsTests.xctest */,
				3F8CCFFE1C1E4B4500478AB9 /* tipsUITests.xctest */,
			);
			name = Products;
			sourceTree = "<group>";
		};
		3F8CCFE11C1E4B4400478AB9 /* tips */ = {
			isa = PBXGroup;
			children = (
				3F8CCFE21C1E4B4400478AB9 /* AppDelegate.swift */,
				3F8CCFE41C1E4B4400478AB9 /* ViewController.swift */,
				3F8CCFE61C1E4B4400478AB9 /* Main.storyboard */,
				3F8CCFE91C1E4B4400478AB9 /* Assets.xcassets */,
				3F8CCFEB1C1E4B4400478AB9 /* LaunchScreen.storyboard */,
				3F8CCFEE1C1E4B4400478AB9 /* Info.plist */,
			);
			path = tips;
			sourceTree = "<group>";
		};
		3F8CCFF61C1E4B4400478AB9 /* tipsTests */ = {
			isa = PBXGroup;
			children = (
				3F8CCFF71C1E4B4400478AB9 /* tipsTests.swift */,
				3F8CCFF91C1E4B4500478AB9 /* Info.plist */,
			);
			path = tipsTests;
			sourceTree = "<group>";
		};
		3F8CD0011C1E4B4500478AB9 /* tipsUITests */ = {
			isa = PBXGroup;
			children = (
				3F8CD0021C1E4B4500478AB9 /* tipsUITests.swift */,
				3F8CD0041C1E4B4500478AB9 /* Info.plist */,
			);
			path = tipsUITests;
			sourceTree = "<group>";
		};
/* End PBXGroup section */

/* Begin PBXNativeTarget section */
		3F8CCFDE1C1E4B4400478AB9 /* tips */ = {
			isa = PBXNativeTarget;
			buildConfigurationList = 3F8CD0071C1E4B4500478AB9 /* Build configuration list for PBXNativeTarget "tips" */;
			buildPhases = (
				3F8CCFDB1C1E4B4400478AB9 /* Sources */,
				3F8CCFDC1C1E4B4400478AB9 /* Frameworks */,
				3F8CCFDD1C1E4B4400478AB9 /* Resources */,
			);
			buildRules = (
			);
			dependencies = (
			);
			name = tips;
			productName = tips;
			productReference = 3F8CCFDF1C1E4B4400478AB9 /* tips.app */;
			productType = "com.apple.product-type.application";
		};
		3F8CCFF21C1E4B4400478AB9 /* tipsTests */ = {
			isa = PBXNativeTarget;
			buildConfigurationList = 3F8CD00A1C1E4B4500478AB9 /* Build configuration list for PBXNativeTarget "tipsTests" */;
			buildPhases = (
				3F8CCFEF1C1E4B4400478AB9 /* Sources */,
				3F8CCFF01C1E4B4400478AB9 /* Frameworks */,
				3F8CCFF11C1E4B4400478AB9 /* Resources */,
			);
			buildRules = (
			);
			dependencies = (
				3F8CCFF51C1E4B4400478AB9 /* PBXTargetDependency */,
			);
			name = tipsTests;
			productName = tipsTests;
			productReference = 3F8CCFF31C1E4B4400478AB9 /* tipsTests.xctest */;
			productType = "com.apple.product-type.bundle.unit-test";
		};
		3F8CCFFD1C1E4B4500478AB9 /* tipsUITests */ = {
			isa = PBXNativeTarget;
			buildConfigurationList = 3F8CD00D1C1E4B4500478AB9 /* Build configuration list for PBXNativeTarget "tipsUITests" */;
			buildPhases = (
				3F8CCFFA1C1E4B4500478AB9 /* Sources */,
				3F8CCFFB1C1E4B4500478AB9 /* Frameworks */,
				3F8CCFFC1C1E4B4500478AB9 /* Resources */,
			);
			buildRules = (
			);
			dependencies = (
				3F8CD0001C1E4B4500478AB9 /* PBXTargetDependency */,
			);
			name = tipsUITests;
			productName = tipsUITests;
			productReference = 3F8CCFFE1C1E4B4500478AB9 /* tipsUITests.xctest */;
			productType = "com.apple.product-type.bundle.ui-testing";
		};
/* End PBXNativeTarget section */

/* Begin PBXProject section */
		3F8CCFD71C1E4B4400478AB9 /* Project object */ = {
			isa = PBXProject;
			attributes = {
				LastSwiftUpdateCheck = 0720;
				LastUpgradeCheck = 0720;
				ORGANIZATIONNAME = "yeung wah tsui";
				TargetAttributes = {
					3F8CCFDE1C1E4B4400478AB9 = {
						CreatedOnToolsVersion = 7.2;
					};
					3F8CCFF21C1E4B4400478AB9 = {
						CreatedOnToolsVersion = 7.2;
						TestTargetID = 3F8CCFDE1C1E4B4400478AB9;
					};
					3F8CCFFD1C1E4B4500478AB9 = {
						CreatedOnToolsVersion = 7.2;
						TestTargetID = 3F8CCFDE1C1E4B4400478AB9;
					};
				};
			};
			buildConfigurationList = 3F8CCFDA1C1E4B4400478AB9 /* Build configuration list for PBXProject "tips" */;
			compatibilityVersion = "Xcode 3.2";
			developmentRegion = English;
			hasScannedForEncodings = 0;
			knownRegions = (
				en,
				Base,
			);
			mainGroup = 3F8CCFD61C1E4B4400478AB9;
			productRefGroup = 3F8CCFE01C1E4B4400478AB9 /* Products */;
			projectDirPath = "";
			projectRoot = "";
			targets = (
				3F8CCFDE1C1E4B4400478AB9 /* tips */,
				3F8CCFF21C1E4B4400478AB9 /* tipsTests */,
				3F8CCFFD1C1E4B4500478AB9 /* tipsUITests */,
			);
		};
/* End PBXProject section */

/* Begin PBXResourcesBuildPhase section */
		3F8CCFDD1C1E4B4400478AB9 /* Resources */ = {
			isa = PBXResourcesBuildPhase;
			buildActionMask = 2147483647;
			files = (
				3F8CCFED1C1E4B4400478AB9 /* LaunchScreen.storyboard in Resources */,
				3F8CCFEA1C1E4B4400478AB9 /* Assets.xcassets in Resources */,
				3F8CCFE81C1E4B4400478AB9 /* Main.storyboard in Resources */,
			);
			runOnlyForDeploymentPostprocessing = 0;
		};
		3F8CCFF11C1E4B4400478AB9 /* Resources */ = {
			isa = PBXResourcesBuildPhase;
			buildActionMask = 2147483647;
			files = (
			);
			runOnlyForDeploymentPostprocessing = 0;
		};
		3F8CCFFC1C1E4B4500478AB9 /* Resources */ = {
			isa = PBXResourcesBuildPhase;
			buildActionMask = 2147483647;
			files = (
			);
			runOnlyForDeploymentPostprocessing = 0;
		};
/* End PBXResourcesBuildPhase section */

/* Begin PBXSourcesBuildPhase section */
		3F8CCFDB1C1E4B4400478AB9 /* Sources */ = {
			isa = PBXSourcesBuildPhase;
			buildActionMask = 2147483647;
			files = (
				3F8CCFE51C1E4B4400478AB9 /* ViewController.swift in Sources */,
				3F8CCFE31C1E4B4400478AB9 /* AppDelegate.swift in Sources */,
			);
			runOnlyForDeploymentPostprocessing = 0;
		};
		3F8CCFEF1C1E4B4400478AB9 /* Sources */ = {
			isa = PBXSourcesBuildPhase;
			buildActionMask = 2147483647;
			files = (
				3F8CCFF81C1E4B4400478AB9 /* tipsTests.swift in Sources */,
			);
			runOnlyForDeploymentPostprocessing = 0;
		};
		3F8CCFFA1C1E4B4500478AB9 /* Sources */ = {
			isa = PBXSourcesBuildPhase;
			buildActionMask = 2147483647;
			files = (
				3F8CD0031C1E4B4500478AB9 /* tipsUITests.swift in Sources */,
			);
			runOnlyForDeploymentPostprocessing = 0;
		};
/* End PBXSourcesBuildPhase section */

/* Begin PBXTargetDependency section */
		3F8CCFF51C1E4B4400478AB9 /* PBXTargetDependency */ = {
			isa = PBXTargetDependency;
			target = 3F8CCFDE1C1E4B4400478AB9 /* tips */;
			targetProxy = 3F8CCFF41C1E4B4400478AB9 /* PBXContainerItemProxy */;
		};
		3F8CD0001C1E4B4500478AB9 /* PBXTargetDependency */ = {
			isa = PBXTargetDependency;
			target = 3F8CCFDE1C1E4B4400478AB9 /* tips */;
			targetProxy = 3F8CCFFF1C1E4B4500478AB9 /* PBXContainerItemProxy */;
		};
/* End PBXTargetDependency section */

/* Begin PBXVariantGroup section */
		3F8CCFE61C1E4B4400478AB9 /* Main.storyboard */ = {
			isa = PBXVariantGroup;
			children = (
				3F8CCFE71C1E4B4400478AB9 /* Base */,
			);
			name = Main.storyboard;
			sourceTree = "<group>";
		};
		3F8CCFEB1C1E4B4400478AB9 /* LaunchScreen.storyboard */ = {
			isa = PBXVariantGroup;
			children = (
				3F8CCFEC1C1E4B4400478AB9 /* Base */,
			);
			name = LaunchScreen.storyboard;
			sourceTree = "<group>";
		};
/* End PBXVariantGroup section */

/* Begin XCBuildConfiguration section */
		3F8CD0051C1E4B4500478AB9 /* Debug */ = {
			isa = XCBuildConfiguration;
			buildSettings = {
				ALWAYS_SEARCH_USER_PATHS = NO;
				CLANG_CXX_LANGUAGE_STANDARD = "gnu++0x";
				CLANG_CXX_LIBRARY = "libc++";
				CLANG_ENABLE_MODULES = YES;
				CLANG_ENABLE_OBJC_ARC = YES;
				CLANG_WARN_BOOL_CONVERSION = YES;
				CLANG_WARN_CONSTANT_CONVERSION = YES;
				CLANG_WARN_DIRECT_OBJC_ISA_USAGE = YES_ERROR;
				CLANG_WARN_EMPTY_BODY = YES;
				CLANG_WARN_ENUM_CONVERSION = YES;
				CLANG_WARN_INT_CONVERSION = YES;
				CLANG_WARN_OBJC_ROOT_CLASS = YES_ERROR;
				CLANG_WARN_UNREACHABLE_CODE = YES;
				CLANG_WARN__DUPLICATE_METHOD_MATCH = YES;
				"CODE_SIGN_IDENTITY[sdk=iphoneos*]" = "iPhone Developer";
				COPY_PHASE_STRIP = NO;
				DEBUG_INFORMATION_FORMAT = dwarf;
				ENABLE_STRICT_OBJC_MSGSEND = YES;
				ENABLE_TESTABILITY = YES;
				GCC_C_LANGUAGE_STANDARD = gnu99;
				GCC_DYNAMIC_NO_PIC = NO;
				GCC_NO_COMMON_BLOCKS = YES;
				GCC_OPTIMIZATION_LEVEL = 0;
				GCC_PREPROCESSOR_DEFINITIONS = (
					"DEBUG=1",
					"$(inherited)",
				);
				GCC_WARN_64_TO_32_BIT_CONVERSION = YES;
				GCC_WARN_ABOUT_RETURN_TYPE = YES_ERROR;
				GCC_WARN_UNDECLARED_SELECTOR = YES;
				GCC_WARN_UNINITIALIZED_AUTOS = YES_AGGRESSIVE;
				GCC_WARN_UNUSED_FUNCTION = YES;
				GCC_WARN_UNUSED_VARIABLE = YES;
				IPHONEOS_DEPLOYMENT_TARGET = 9.2;
				MTL_ENABLE_DEBUG_INFO = YES;
				ONLY_ACTIVE_ARCH = YES;
				SDKROOT = iphoneos;
				SWIFT_OPTIMIZATION_LEVEL = "-Onone";
			};
			name = Debug;
		};
		3F8CD0061C1E4B4500478AB9 /* Release */ = {
			isa = XCBuildConfiguration;
			buildSettings = {
				ALWAYS_SEARCH_USER_PATHS = NO;
				CLANG_CXX_LANGUAGE_STANDARD = "gnu++0x";
				CLANG_CXX_LIBRARY = "libc++";
				CLANG_ENABLE_MODULES = YES;
				CLANG_ENABLE_OBJC_ARC = YES;
				CLANG_WARN_BOOL_CONVERSION = YES;
				CLANG_WARN_CONSTANT_CONVERSION = YES;
				CLANG_WARN_DIRECT_OBJC_ISA_USAGE = YES_ERROR;
				CLANG_WARN_EMPTY_BODY = YES;
				CLANG_WARN_ENUM_CONVERSION = YES;
				CLANG_WARN_INT_CONVERSION = YES;
				CLANG_WARN_OBJC_ROOT_CLASS = YES_ERROR;
				CLANG_WARN_UNREACHABLE_CODE = YES;
				CLANG_WARN__DUPLICATE_METHOD_MATCH = YES;
				"CODE_SIGN_IDENTITY[sdk=iphoneos*]" = "iPhone Developer";
				COPY_PHASE_STRIP = NO;
				DEBUG_INFORMATION_FORMAT = "dwarf-with-dsym";
				ENABLE_NS_ASSERTIONS = NO;
				ENABLE_STRICT_OBJC_MSGSEND = YES;
				GCC_C_LANGUAGE_STANDARD = gnu99;
				GCC_NO_COMMON_BLOCKS = YES;
				GCC_WARN_64_TO_32_BIT_CONVERSION = YES;
				GCC_WARN_ABOUT_RETURN_TYPE = YES_ERROR;
				GCC_WARN_UNDECLARED_SELECTOR = YES;
				GCC_WARN_UNINITIALIZED_AUTOS = YES_AGGRESSIVE;
				GCC_WARN_UNUSED_FUNCTION = YES;
				GCC_WARN_UNUSED_VARIABLE = YES;
				IPHONEOS_DEPLOYMENT_TARGET = 9.2;
				MTL_ENABLE_DEBUG_INFO = NO;
				SDKROOT = iphoneos;
				VALIDATE_PRODUCT = YES;
			};
			name = Release;
		};
		3F8CD0081C1E4B4500478AB9 /* Debug */ = {
			isa = XCBuildConfiguration;
			buildSettings = {
				ASSETCATALOG_COMPILER_APPICON_NAME = AppIcon;
				INFOPLIST_FILE = tips/Info.plist;
				LD_RUNPATH_SEARCH_PATHS = "$(inherited) @executable_path/Frameworks";
				PRODUCT_BUNDLE_IDENTIFIER = com.codePath.tips;
				PRODUCT_NAME = "$(TARGET_NAME)";
			};
			name = Debug;
		};
		3F8CD0091C1E4B4500478AB9 /* Release */ = {
			isa = XCBuildConfiguration;
			buildSettings = {
				ASSETCATALOG_COMPILER_APPICON_NAME = AppIcon;
				INFOPLIST_FILE = tips/Info.plist;
				LD_RUNPATH_SEARCH_PATHS = "$(inherited) @executable_path/Frameworks";
				PRODUCT_BUNDLE_IDENTIFIER = com.codePath.tips;
				PRODUCT_NAME = "$(TARGET_NAME)";
			};
			name = Release;
		};
		3F8CD00B1C1E4B4500478AB9 /* Debug */ = {
			isa = XCBuildConfiguration;
			buildSettings = {
				BUNDLE_LOADER = "$(TEST_HOST)";
				INFOPLIST_FILE = tipsTests/Info.plist;
				LD_RUNPATH_SEARCH_PATHS = "$(inherited) @executable_path/Frameworks @loader_path/Frameworks";
				PRODUCT_BUNDLE_IDENTIFIER = com.codePath.tipsTests;
				PRODUCT_NAME = "$(TARGET_NAME)";
				TEST_HOST = "$(BUILT_PRODUCTS_DIR)/tips.app/tips";
			};
			name = Debug;
		};
		3F8CD00C1C1E4B4500478AB9 /* Release */ = {
			isa = XCBuildConfiguration;
			buildSettings = {
				BUNDLE_LOADER = "$(TEST_HOST)";
				INFOPLIST_FILE = tipsTests/Info.plist;
				LD_RUNPATH_SEARCH_PATHS = "$(inherited) @executable_path/Frameworks @loader_path/Frameworks";
				PRODUCT_BUNDLE_IDENTIFIER = com.codePath.tipsTests;
				PRODUCT_NAME = "$(TARGET_NAME)";
				TEST_HOST = "$(BUILT_PRODUCTS_DIR)/tips.app/tips";
			};
			name = Release;
		};
		3F8CD00E1C1E4B4500478AB9 /* Debug */ = {
			isa = XCBuildConfiguration;
			buildSettings = {
				INFOPLIST_FILE = tipsUITests/Info.plist;
				LD_RUNPATH_SEARCH_PATHS = "$(inherited) @executable_path/Frameworks @loader_path/Frameworks";
				PRODUCT_BUNDLE_IDENTIFIER = com.codePath.tipsUITests;
				PRODUCT_NAME = "$(TARGET_NAME)";
				TEST_TARGET_NAME = tips;
				USES_XCTRUNNER = YES;
			};
			name = Debug;
		};
		3F8CD00F1C1E4B4500478AB9 /* Release */ = {
			isa = XCBuildConfiguration;
			buildSettings = {
				INFOPLIST_FILE = tipsUITests/Info.plist;
				LD_RUNPATH_SEARCH_PATHS = "$(inherited) @executable_path/Frameworks @loader_path/Frameworks";
				PRODUCT_BUNDLE_IDENTIFIER = com.codePath.tipsUITests;
				PRODUCT_NAME = "$(TARGET_NAME)";
				TEST_TARGET_NAME = tips;
				USES_XCTRUNNER = YES;
			};
			name = Release;
		};
/* End XCBuildConfiguration section */

/* Begin XCConfigurationList section */
		3F8CCFDA1C1E4B4400478AB9 /* Build configuration list for PBXProject "tips" */ = {
			isa = XCConfigurationList;
			buildConfigurations = (
				3F8CD0051C1E4B4500478AB9 /* Debug */,
				3F8CD0061C1E4B4500478AB9 /* Release */,
			);
			defaultConfigurationIsVisible = 0;
			defaultConfigurationName = Release;
		};
		3F8CD0071C1E4B4500478AB9 /* Build configuration list for PBXNativeTarget "tips" */ = {
			isa = XCConfigurationList;
			buildConfigurations = (
				3F8CD0081C1E4B4500478AB9 /* Debug */,
				3F8CD0091C1E4B4500478AB9 /* Release */,
			);
			defaultConfigurationIsVisible = 0;
		};
		3F8CD00A1C1E4B4500478AB9 /* Build configuration list for PBXNativeTarget "tipsTests" */ = {
			isa = XCConfigurationList;
			buildConfigurations = (
				3F8CD00B1C1E4B4500478AB9 /* Debug */,
				3F8CD00C1C1E4B4500478AB9 /* Release */,
			);
			defaultConfigurationIsVisible = 0;
		};
		3F8CD00D1C1E4B4500478AB9 /* Build configuration list for PBXNativeTarget "tipsUITests" */ = {
			isa = XCConfigurationList;
			buildConfigurations = (
				3F8CD00E1C1E4B4500478AB9 /* Debug */,
				3F8CD00F1C1E4B4500478AB9 /* Release */,
			);
			defaultConfigurationIsVisible = 0;
		};
/* End XCConfigurationList section */
	};
	rootObject = 3F8CCFD71C1E4B4400478AB9 /* Project object */;
}
